// !$*UTF8*$!
{
	archiveVersion = 1;
	classes = {
	};
	objectVersion = 50;
	objects = {

/* Begin PBXBuildFile section */
		2353AEA22A16008A0011140C /* AppDelegate.swift in Sources */ = {isa = PBXBuildFile; fileRef = 2353AEA12A16008A0011140C /* AppDelegate.swift */; };
		2353AEA42A16008A0011140C /* ViewController.swift in Sources */ = {isa = PBXBuildFile; fileRef = 2353AEA32A16008A0011140C /* ViewController.swift */; };
		2353AEA92A1600910011140C /* Assets.xcassets in Resources */ = {isa = PBXBuildFile; fileRef = 2353AEA82A1600910011140C /* Assets.xcassets */; };
		2353AEAC2A1600910011140C /* LaunchScreen.storyboard in Resources */ = {isa = PBXBuildFile; fileRef = 2353AEAA2A1600910011140C /* LaunchScreen.storyboard */; };
		2353AEB42A1600C30011140C /* Main.storyboard in Resources */ = {isa = PBXBuildFile; fileRef = 2353AEB32A1600C30011140C /* Main.storyboard */; };
		2353AEB92A16011D0011140C /* productCell.swift in Sources */ = {isa = PBXBuildFile; fileRef = 2353AEB72A16011D0011140C /* productCell.swift */; };
		2353AEBA2A16011D0011140C /* ShopingDataWIthFilter.swift in Sources */ = {isa = PBXBuildFile; fileRef = 2353AEB82A16011D0011140C /* ShopingDataWIthFilter.swift */; };
/* End PBXBuildFile section */

/* Begin PBXFileReference section */
		2353AE9E2A16008A0011140C /* CollectionViewShopingStoreApp.app */ = {isa = PBXFileReference; explicitFileType = wrapper.application; includeInIndex = 0; path = CollectionViewShopingStoreApp.app; sourceTree = BUILT_PRODUCTS_DIR; };
		2353AEA12A16008A0011140C /* AppDelegate.swift */ = {isa = PBXFileReference; lastKnownFileType = sourcecode.swift; path = AppDelegate.swift; sourceTree = "<group>"; };
		2353AEA32A16008A0011140C /* ViewController.swift */ = {isa = PBXFileReference; lastKnownFileType = sourcecode.swift; path = ViewController.swift; sourceTree = "<group>"; };
		2353AEA82A1600910011140C /* Assets.xcassets */ = {isa = PBXFileReference; lastKnownFileType = folder.assetcatalog; path = Assets.xcassets; sourceTree = "<group>"; };
		2353AEAB2A1600910011140C /* Base */ = {isa = PBXFileReference; lastKnownFileType = file.storyboard; name = Base; path = Base.lproj/LaunchScreen.storyboard; sourceTree = "<group>"; };
		2353AEAD2A1600910011140C /* Info.plist */ = {isa = PBXFileReference; lastKnownFileType = text.plist.xml; path = Info.plist; sourceTree = "<group>"; };
		2353AEB32A1600C30011140C /* Main.storyboard */ = {isa = PBXFileReference; fileEncoding = 4; lastKnownFileType = file.storyboard; path = Main.storyboard; sourceTree = "<group>"; };
		2353AEB72A16011D0011140C /* productCell.swift */ = {isa = PBXFileReference; fileEncoding = 4; lastKnownFileType = sourcecode.swift; path = productCell.swift; sourceTree = "<group>"; };
		2353AEB82A16011D0011140C /* ShopingDataWIthFilter.swift */ = {isa = PBXFileReference; fileEncoding = 4; lastKnownFileType = sourcecode.swift; path = ShopingDataWIthFilter.swift; sourceTree = "<group>"; };
/* End PBXFileReference section */

/* Begin PBXFrameworksBuildPhase section */
		2353AE9B2A16008A0011140C /* Frameworks */ = {
			isa = PBXFrameworksBuildPhase;
			buildActionMask = 2147483647;
			files = (
			);
			runOnlyForDeploymentPostprocessing = 0;
		};
/* End PBXFrameworksBuildPhase section */

/* Begin PBXGroup section */
		2353AE952A16008A0011140C = {
			isa = PBXGroup;
			children = (
				2353AEB52A16011D0011140C /* CollectionShopingStroreAPP */,
				2353AEA02A16008A0011140C /* CollectionViewShopingStoreApp */,
				2353AE9F2A16008A0011140C /* Products */,
			);
			sourceTree = "<group>";
		};
		2353AE9F2A16008A0011140C /* Products */ = {
			isa = PBXGroup;
			children = (
				2353AE9E2A16008A0011140C /* CollectionViewShopingStoreApp.app */,
			);
			name = Products;
			sourceTree = "<group>";
		};
		2353AEA02A16008A0011140C /* CollectionViewShopingStoreApp */ = {
			isa = PBXGroup;
			children = (
				2353AEA12A16008A0011140C /* AppDelegate.swift */,
				2353AEA32A16008A0011140C /* ViewController.swift */,
				2353AEB32A1600C30011140C /* Main.storyboard */,
				2353AEA82A1600910011140C /* Assets.xcassets */,
				2353AEAA2A1600910011140C /* LaunchScreen.storyboard */,
				2353AEAD2A1600910011140C /* Info.plist */,
			);
			path = CollectionViewShopingStoreApp;
			sourceTree = "<group>";
		};
		2353AEB52A16011D0011140C /* CollectionShopingStroreAPP */ = {
			isa = PBXGroup;
			children = (
				2353AEB82A16011D0011140C /* ShopingDataWIthFilter.swift */,
				2353AEB62A16011D0011140C /* cell */,
			);
			path = CollectionShopingStroreAPP;
			sourceTree = "<group>";
		};
		2353AEB62A16011D0011140C /* cell */ = {
			isa = PBXGroup;
			children = (
				2353AEB72A16011D0011140C /* productCell.swift */,
			);
			path = cell;
			sourceTree = "<group>";
		};
/* End PBXGroup section */

/* Begin PBXNativeTarget section */
		2353AE9D2A16008A0011140C /* CollectionViewShopingStoreApp */ = {
			isa = PBXNativeTarget;
			buildConfigurationList = 2353AEB02A1600910011140C /* Build configuration list for PBXNativeTarget "CollectionViewShopingStoreApp" */;
			buildPhases = (
				2353AE9A2A16008A0011140C /* Sources */,
				2353AE9B2A16008A0011140C /* Frameworks */,
				2353AE9C2A16008A0011140C /* Resources */,
			);
			buildRules = (
			);
			dependencies = (
			);
			name = CollectionViewShopingStoreApp;
			productName = CollectionViewShopingStoreApp;
			productReference = 2353AE9E2A16008A0011140C /* CollectionViewShopingStoreApp.app */;
			productType = "com.apple.product-type.application";
		};
/* End PBXNativeTarget section */

/* Begin PBXProject section */
		2353AE962A16008A0011140C /* Project object */ = {
			isa = PBXProject;
			attributes = {
				LastSwiftUpdateCheck = 1020;
				LastUpgradeCheck = 1020;
				ORGANIZATIONNAME = scs;
				TargetAttributes = {
					2353AE9D2A16008A0011140C = {
						CreatedOnToolsVersion = 10.2.1;
					};
				};
			};
			buildConfigurationList = 2353AE992A16008A0011140C /* Build configuration list for PBXProject "CollectionViewShopingStoreApp" */;
			compatibilityVersion = "Xcode 9.3";
			developmentRegion = en;
			hasScannedForEncodings = 0;
			knownRegions = (
				en,
				Base,
			);
			mainGroup = 2353AE952A16008A0011140C;
			productRefGroup = 2353AE9F2A16008A0011140C /* Products */;
			projectDirPath = "";
			projectRoot = "";
			targets = (
				2353AE9D2A16008A0011140C /* CollectionViewShopingStoreApp */,
			);
		};
/* End PBXProject section */

/* Begin PBXResourcesBuildPhase section */
		2353AE9C2A16008A0011140C /* Resources */ = {
			isa = PBXResourcesBuildPhase;
			buildActionMask = 2147483647;
			files = (
				2353AEAC2A1600910011140C /* LaunchScreen.storyboard in Resources */,
				2353AEA92A1600910011140C /* Assets.xcassets in Resources */,
				2353AEB42A1600C30011140C /* Main.storyboard in Resources */,
			);
			runOnlyForDeploymentPostprocessing = 0;
		};
/* End PBXResourcesBuildPhase section */

/* Begin PBXSourcesBuildPhase section */
		2353AE9A2A16008A0011140C /* Sources */ = {
			isa = PBXSourcesBuildPhase;
			buildActionMask = 2147483647;
			files = (
				2353AEA42A16008A0011140C /* ViewController.swift in Sources */,
				2353AEB92A16011D0011140C /* productCell.swift in Sources */,
				2353AEBA2A16011D0011140C /* ShopingDataWIthFilter.swift in Sources */,
				2353AEA22A16008A0011140C /* AppDelegate.swift in Sources */,
			);
			runOnlyForDeploymentPostprocessing = 0;
		};
/* End PBXSourcesBuildPhase section */

/* Begin PBXVariantGroup section */
		2353AEAA2A1600910011140C /* LaunchScreen.storyboard */ = {
			isa = PBXVariantGroup;
			children = (
				2353AEAB2A1600910011140C /* Base */,
			);
			name = LaunchScreen.storyboard;
			sourceTree = "<group>";
		};
/* End PBXVariantGroup section */

/* Begin XCBuildConfiguration section */
		2353AEAE2A1600910011140C /* Debug */ = {
			isa = XCBuildConfiguration;
			buildSettings = {
				ALWAYS_SEARCH_USER_PATHS = NO;
				CLANG_ANALYZER_NONNULL = YES;
				CLANG_ANALYZER_NUMBER_OBJECT_CONVERSION = YES_AGGRESSIVE;
				CLANG_CXX_LANGUAGE_STANDARD = "gnu++14";
				CLANG_CXX_LIBRARY = "libc++";
				CLANG_ENABLE_MODULES = YES;
				CLANG_ENABLE_OBJC_ARC = YES;
				CLANG_ENABLE_OBJC_WEAK = YES;
				CLANG_WARN_BLOCK_CAPTURE_AUTORELEASING = YES;
				CLANG_WARN_BOOL_CONVERSION = YES;
				CLANG_WARN_COMMA = YES;
				CLANG_WARN_CONSTANT_CONVERSION = YES;
				CLANG_WARN_DEPRECATED_OBJC_IMPLEMENTATIONS = YES;
				CLANG_WARN_DIRECT_OBJC_ISA_USAGE = YES_ERROR;
				CLANG_WARN_DOCUMENTATION_COMMENTS = YES;
				CLANG_WARN_EMPTY_BODY = YES;
				CLANG_WARN_ENUM_CONVERSION = YES;
				CLANG_WARN_INFINITE_RECURSION = YES;
				CLANG_WARN_INT_CONVERSION = YES;
				CLANG_WARN_NON_LITERAL_NULL_CONVERSION = YES;
				CLANG_WARN_OBJC_IMPLICIT_RETAIN_SELF = YES;
				CLANG_WARN_OBJC_LITERAL_CONVERSION = YES;
				CLANG_WARN_OBJC_ROOT_CLASS = YES_ERROR;
				CLANG_WARN_RANGE_LOOP_ANALYSIS = YES;
				CLANG_WARN_STRICT_PROTOTYPES = YES;
				CLANG_WARN_SUSPICIOUS_MOVE = YES;
				CLANG_WARN_UNGUARDED_AVAILABILITY = YES_AGGRESSIVE;
				CLANG_WARN_UNREACHABLE_CODE = YES;
				CLANG_WARN__DUPLICATE_METHOD_MATCH = YES;
				CODE_SIGN_IDENTITY = "iPhone Developer";
				COPY_PHASE_STRIP = NO;
				DEBUG_INFORMATION_FORMAT = dwarf;
				ENABLE_STRICT_OBJC_MSGSEND = YES;
				ENABLE_TESTABILITY = YES;
				GCC_C_LANGUAGE_STANDARD = gnu11;
				GCC_DYNAMIC_NO_PIC = NO;
				GCC_NO_COMMON_BLOCKS = YES;
				GCC_OPTIMIZATION_LEVEL = 0;
				GCC_PREPROCESSOR_DEFINITIONS = (
					"DEBUG=1",
					"$(inherited)",
				);
				GCC_WARN_64_TO_32_BIT_CONVERSION = YES;
				GCC_WARN_ABOUT_RETURN_TYPE = YES_ERROR;
				GCC_WARN_UNDECLARED_SELECTOR = YES;
				GCC_WARN_UNINITIALIZED_AUTOS = YES_AGGRESSIVE;
				GCC_WARN_UNUSED_FUNCTION = YES;
				GCC_WARN_UNUSED_VARIABLE = YES;
				IPHONEOS_DEPLOYMENT_TARGET = 12.2;
				MTL_ENABLE_DEBUG_INFO = INCLUDE_SOURCE;
				MTL_FAST_MATH = YES;
				ONLY_ACTIVE_ARCH = YES;
				SDKROOT = iphoneos;
				SWIFT_ACTIVE_COMPILATION_CONDITIONS = DEBUG;
				SWIFT_OPTIMIZATION_LEVEL = "-Onone";
			};
			name = Debug;
		};
		2353AEAF2A1600910011140C /* Release */ = {
			isa = XCBuildConfiguration;
			buildSettings = {
				ALWAYS_SEARCH_USER_PATHS = NO;
				CLANG_ANALYZER_NONNULL = YES;
				CLANG_ANALYZER_NUMBER_OBJECT_CONVERSION = YES_AGGRESSIVE;
				CLANG_CXX_LANGUAGE_STANDARD = "gnu++14";
				CLANG_CXX_LIBRARY = "libc++";
				CLANG_ENABLE_MODULES = YES;
				CLANG_ENABLE_OBJC_ARC = YES;
				CLANG_ENABLE_OBJC_WEAK = YES;
				CLANG_WARN_BLOCK_CAPTURE_AUTORELEASING = YES;
				CLANG_WARN_BOOL_CONVERSION = YES;
				CLANG_WARN_COMMA = YES;
				CLANG_WARN_CONSTANT_CONVERSION = YES;
				CLANG_WARN_DEPRECATED_OBJC_IMPLEMENTATIONS = YES;
				CLANG_WARN_DIRECT_OBJC_ISA_USAGE = YES_ERROR;
				CLANG_WARN_DOCUMENTATION_COMMENTS = YES;
				CLANG_WARN_EMPTY_BODY = YES;
				CLANG_WARN_ENUM_CONVERSION = YES;
				CLANG_WARN_INFINITE_RECURSION = YES;
				CLANG_WARN_INT_CONVERSION = YES;
				CLANG_WARN_NON_LITERAL_NULL_CONVERSION = YES;
				CLANG_WARN_OBJC_IMPLICIT_RETAIN_SELF = YES;
				CLANG_WARN_OBJC_LITERAL_CONVERSION = YES;
				CLANG_WARN_OBJC_ROOT_CLASS = YES_ERROR;
				CLANG_WARN_RANGE_LOOP_ANALYSIS = YES;
				CLANG_WARN_STRICT_PROTOTYPES = YES;
				CLANG_WARN_SUSPICIOUS_MOVE = YES;
				CLANG_WARN_UNGUARDED_AVAILABILITY = YES_AGGRESSIVE;
				CLANG_WARN_UNREACHABLE_CODE = YES;
				CLANG_WARN__DUPLICATE_METHOD_MATCH = YES;
				CODE_SIGN_IDENTITY = "iPhone Developer";
				COPY_PHASE_STRIP = NO;
				DEBUG_INFORMATION_FORMAT = "dwarf-with-dsym";
				ENABLE_NS_ASSERTIONS = NO;
				ENABLE_STRICT_OBJC_MSGSEND = YES;
				GCC_C_LANGUAGE_STANDARD = gnu11;
				GCC_NO_COMMON_BLOCKS = YES;
				GCC_WARN_64_TO_32_BIT_CONVERSION = YES;
				GCC_WARN_ABOUT_RETURN_TYPE = YES_ERROR;
				GCC_WARN_UNDECLARED_SELECTOR = YES;
				GCC_WARN_UNINITIALIZED_AUTOS = YES_AGGRESSIVE;
				GCC_WARN_UNUSED_FUNCTION = YES;
				GCC_WARN_UNUSED_VARIABLE = YES;
				IPHONEOS_DEPLOYMENT_TARGET = 12.2;
				MTL_ENABLE_DEBUG_INFO = NO;
				MTL_FAST_MATH = YES;
				SDKROOT = iphoneos;
				SWIFT_COMPILATION_MODE = wholemodule;
				SWIFT_OPTIMIZATION_LEVEL = "-O";
				VALIDATE_PRODUCT = YES;
			};
			name = Release;
		};
		2353AEB12A1600910011140C /* Debug */ = {
			isa = XCBuildConfiguration;
			buildSettings = {
				ASSETCATALOG_COMPILER_APPICON_NAME = AppIcon;
				CODE_SIGN_STYLE = Automatic;
				INFOPLIST_FILE = CollectionViewShopingStoreApp/Info.plist;
				LD_RUNPATH_SEARCH_PATHS = (
					"$(inherited)",
					"@executable_path/Frameworks",
				);
				PRODUCT_BUNDLE_IDENTIFIER = scs.CollectionViewShopingStoreApp;
				PRODUCT_NAME = "$(TARGET_NAME)";
				SWIFT_VERSION = 5.0;
				TARGETED_DEVICE_FAMILY = "1,2";
			};
			name = Debug;
		};
		2353AEB22A1600910011140C /* Release */ = {
			isa = XCBuildConfiguration;
			buildSettings = {
				ASSETCATALOG_COMPILER_APPICON_NAME = AppIcon;
				CODE_SIGN_STYLE = Automatic;
				INFOPLIST_FILE = CollectionViewShopingStoreApp/Info.plist;
				LD_RUNPATH_SEARCH_PATHS = (
					"$(inherited)",
					"@executable_path/Frameworks",
				);
				PRODUCT_BUNDLE_IDENTIFIER = scs.CollectionViewShopingStoreApp;
				PRODUCT_NAME = "$(TARGET_NAME)";
				SWIFT_VERSION = 5.0;
				TARGETED_DEVICE_FAMILY = "1,2";
			};
			name = Release;
		};
/* End XCBuildConfiguration section */

/* Begin XCConfigurationList section */
		2353AE992A16008A0011140C /* Build configuration list for PBXProject "CollectionViewShopingStoreApp" */ = {
			isa = XCConfigurationList;
			buildConfigurations = (
				2353AEAE2A1600910011140C /* Debug */,
				2353AEAF2A1600910011140C /* Release */,
			);
			defaultConfigurationIsVisible = 0;
			defaultConfigurationName = Release;
		};
		2353AEB02A1600910011140C /* Build configuration list for PBXNativeTarget "CollectionViewShopingStoreApp" */ = {
			isa = XCConfigurationList;
			buildConfigurations = (
				2353AEB12A1600910011140C /* Debug */,
				2353AEB22A1600910011140C /* Release */,
			);
			defaultConfigurationIsVisible = 0;
			defaultConfigurationName = Release;
		};
/* End XCConfigurationList section */
	};
	rootObject = 2353AE962A16008A0011140C /* Project object */;
}
